<?xml version="1.0" encoding="utf-8"?>
<Project ToolsVersion="4.0" xmlns="http://schemas.microsoft.com/developer/msbuild/2003">
  <ItemGroup>
    <Filter Include="Source Files">
      <UniqueIdentifier>{4FC737F1-C7A5-4376-A066-2A32D752A2FF}</UniqueIdentifier>
      <Extensions>qml;cpp;c;cc;cxx;def;odl;idl;hpj;bat;asm;asmx</Extensions>
    </Filter>
    <Filter Include="Header Files">
      <UniqueIdentifier>{93995380-89BD-4b04-88EB-625FBE52EBFB}</UniqueIdentifier>
      <Extensions>h;hh;hpp;hxx;hm;inl;inc;xsd</Extensions>
    </Filter>
    <Filter Include="Resource Files">
      <UniqueIdentifier>{67DA6AB6-F800-4c08-8B7A-83BB121AAD01}</UniqueIdentifier>
      <Extensions>qrc;rc;ico;cur;bmp;dlg;rc2;rct;bin;rgs;gif;jpg;jpeg;jpe;resx;tiff;tif;png;wav;mfcribbon-ms</Extensions>
    </Filter>
    <Filter Include="Form Files">
      <UniqueIdentifier>{99349809-55BA-4b9d-BF79-8FDBB0286EB3}</UniqueIdentifier>
      <Extensions>ui</Extensions>
    </Filter>
    <Filter Include="Translation Files">
      <UniqueIdentifier>{639EADAA-A684-42e4-A9AD-28FC9BCB8F7C}</UniqueIdentifier>
      <Extensions>ts</Extensions>
    </Filter>
    <Filter Include="Header Files\helpers">
      <UniqueIdentifier>{e3811780-2bf5-416f-b09c-44f3293b7b7d}</UniqueIdentifier>
    </Filter>
    <Filter Include="Source Files\helpers">
      <UniqueIdentifier>{dbf9e682-81fe-460c-a4fd-3dd335f29a4c}</UniqueIdentifier>
    </Filter>
    <Filter Include="Header Files\dialogs">
      <UniqueIdentifier>{26ee0b27-2072-4976-bdfa-5fbd2a3627ac}</UniqueIdentifier>
    </Filter>
    <Filter Include="Source Files\dialogs">
      <UniqueIdentifier>{766ad279-e73d-4634-bf9b-76c957c3ce5a}</UniqueIdentifier>
    </Filter>
    <Filter Include="Header Files\network">
      <UniqueIdentifier>{0a6ad1c9-a4da-4211-9649-47daba2f86b4}</UniqueIdentifier>
    </Filter>
    <Filter Include="Source Files\network">
      <UniqueIdentifier>{1247091f-db51-45df-ac0b-c190c33b2100}</UniqueIdentifier>
    </Filter>
  </ItemGroup>
  <ItemGroup>
    <QtRcc Include="Nutpad.qrc">
      <Filter>Resource Files</Filter>
    </QtRcc>
    <QtUic Include="Nutpad.ui">
      <Filter>Form Files</Filter>
    </QtUic>
    <QtMoc Include="Nutpad.h">
      <Filter>Header Files</Filter>
    </QtMoc>
    <ClCompile Include="Nutpad.cpp">
      <Filter>Source Files</Filter>
    </ClCompile>
  </ItemGroup>
  <ItemGroup>
    <ClCompile Include="main.cpp">
      <Filter>Source Files</Filter>
    </ClCompile>
    <ClCompile Include="FileOperationThread.cpp">
      <Filter>Source Files\helpers</Filter>
    </ClCompile>
    <ClCompile Include="InputFilenameDialog.cpp">
      <Filter>Source Files\dialogs</Filter>
    </ClCompile>
    <ClCompile Include="EditOperation.cpp">
      <Filter>Source Files</Filter>
    </ClCompile>
    <ClCompile Include="NutpadTextEdit.cpp">
      <Filter>Source Files</Filter>
    </ClCompile>
    <ClCompile Include="ConnectionParametersDialog.cpp">
      <Filter>Source Files\dialogs</Filter>
    </ClCompile>
    <ClCompile Include="UndoTrackerThread.cpp">
      <Filter>Source Files\helpers</Filter>
    </ClCompile>
    <ClCompile Include="IOContextSingleton.cpp">
      <Filter>Source Files\network</Filter>
    </ClCompile>
    <ClCompile Include="Client.cpp">
      <Filter>Source Files\network</Filter>
    </ClCompile>
    <ClCompile Include="Connection.cpp">
      <Filter>Source Files\network</Filter>
    </ClCompile>
    <ClCompile Include="OnlineConnectionThread.cpp">
      <Filter>Source Files\network</Filter>
    </ClCompile>
    <ClCompile Include="Server.cpp">
      <Filter>Source Files\network</Filter>
    </ClCompile>
    <ClCompile Include="ClientHandleMessageQueue.cpp">
      <Filter>Source Files\network</Filter>
    </ClCompile>
    <ClCompile Include="OnlineStatusToolButton.cpp">
      <Filter>Source Files</Filter>
    </ClCompile>
  </ItemGroup>
  <ItemGroup>
    <ClInclude Include="FileOperationThread.h">
      <Filter>Header Files\helpers</Filter>
    </ClInclude>
    <ClInclude Include="InputFilenameDialog.h">
      <Filter>Header Files\dialogs</Filter>
    </ClInclude>
    <ClInclude Include="EditOperation.h">
      <Filter>Header Files</Filter>
    </ClInclude>
    <ClInclude Include="UndoTrackerThread.h">
      <Filter>Header Files\helpers</Filter>
    </ClInclude>
    <ClInclude Include="IOContextSingleton.h">
      <Filter>Header Files\network</Filter>
    </ClInclude>
    <ClInclude Include="Client.h">
      <Filter>Header Files\network</Filter>
    </ClInclude>
    <ClInclude Include="Connection.h">
      <Filter>Header Files\network</Filter>
    </ClInclude>
    <ClInclude Include="OnlineConnectionThread.h">
      <Filter>Header Files\network</Filter>
    </ClInclude>
    <ClInclude Include="ServerToClientHeaders.h">
      <Filter>Header Files\network</Filter>
    </ClInclude>
    <ClInclude Include="Server.h">
      <Filter>Header Files\network</Filter>
    </ClInclude>
    <ClInclude Include="ClientHandleMessageQueue.h">
      <Filter>Header Files\network</Filter>
    </ClInclude>
    <ClInclude Include="ClientToServerHeaders.h">
      <Filter>Header Files\network</Filter>
    </ClInclude>
  </ItemGroup>
  <ItemGroup>
    <QtUic Include="InputFilenameDialog.ui">
      <Filter>Form Files</Filter>
    </QtUic>
    <QtUic Include="ConnectionParametersDialog.ui">
      <Filter>Form Files</Filter>
    </QtUic>
  </ItemGroup>
  <ItemGroup>
    <QtMoc Include="NutpadTextEdit.h">
      <Filter>Header Files</Filter>
    </QtMoc>
    <QtMoc Include="ConnectionParametersDialog.h">
      <Filter>Header Files\dialogs</Filter>
    </QtMoc>
    <QtMoc Include="OnlineStatusToolButton.h">
      <Filter>Header Files</Filter>
    </QtMoc>
  </ItemGroup>
</Project>